Microsoft Visual Studio Solution File, Format Version 12.00
# Visual Studio Version 17
VisualStudioVersion = 17.5.2.0
MinimumVisualStudioVersion = 10.0.40219.1
Project("{FAE04EC0-301F-11D3-BF4B-00C04F79EFBC}") = "TWTodos", "TWTodos.csproj", "{F43BE1E7-BF0A-3D7C-2578-C25D786575E9}"
EndProject
Global
	GlobalSection(SolutionConfigurationPlatforms) = preSolution
		Debug|Any CPU = Debug|Any CPU
		Release|Any CPU = Release|Any CPU
	EndGlobalSection
	GlobalSection(ProjectConfigurationPlatforms) = postSolution
		{F43BE1E7-BF0A-3D7C-2578-C25D786575E9}.Debug|Any CPU.ActiveCfg = Debug|Any CPU
		{F43BE1E7-BF0A-3D7C-2578-C25D786575E9}.Debug|Any CPU.Build.0 = Debug|Any CPU
		{F43BE1E7-BF0A-3D7C-2578-C25D786575E9}.Release|Any CPU.ActiveCfg = Release|Any CPU
		{F43BE1E7-BF0A-3D7C-2578-C25D786575E9}.Release|Any CPU.Build.0 = Release|Any CPU
	EndGlobalSection
	GlobalSection(SolutionProperties) = preSolution
		HideSolutionNode = FALSE
	EndGlobalSection
	GlobalSection(ExtensibilityGlobals) = postSolution
		SolutionGuid = {9F9BF044-DDC8-4D61-AB71-90886C89362C}
	EndGlobalSection
EndGlobal
